// !$*UTF8*$!
{
	archiveVersion = 1;
	classes = {
	};
	objectVersion = 46;
	objects = {

/* Begin PBXBuildFile section */
		10003ADF1D3A4A9500BCA1C1 /* UserGender.swift in Sources */ = {isa = PBXBuildFile; fileRef = 10003ADE1D3A4A9500BCA1C1 /* UserGender.swift */; };
		1012326F1D382A730019F6F1 /* RestApiManager.swift in Sources */ = {isa = PBXBuildFile; fileRef = 1012326E1D382A730019F6F1 /* RestApiManager.swift */; };
		101232721D3831400019F6F1 /* UserObject.swift in Sources */ = {isa = PBXBuildFile; fileRef = 101232711D3831400019F6F1 /* UserObject.swift */; };
		104C96521D37848200098156 /* Podfile in Resources */ = {isa = PBXBuildFile; fileRef = 104C96511D37848200098156 /* Podfile */; };
		10982AD11D36266400FB8865 /* AppDelegate.swift in Sources */ = {isa = PBXBuildFile; fileRef = 10982AD01D36266400FB8865 /* AppDelegate.swift */; };
		10982AD31D36266400FB8865 /* ViewController.swift in Sources */ = {isa = PBXBuildFile; fileRef = 10982AD21D36266400FB8865 /* ViewController.swift */; };
		10982AD61D36266400FB8865 /* Main.storyboard in Resources */ = {isa = PBXBuildFile; fileRef = 10982AD41D36266400FB8865 /* Main.storyboard */; };
		10982AD81D36266400FB8865 /* Assets.xcassets in Resources */ = {isa = PBXBuildFile; fileRef = 10982AD71D36266400FB8865 /* Assets.xcassets */; };
		10982ADB1D36266400FB8865 /* LaunchScreen.storyboard in Resources */ = {isa = PBXBuildFile; fileRef = 10982AD91D36266400FB8865 /* LaunchScreen.storyboard */; };
		10982AE61D36266400FB8865 /* RandomUserTests.swift in Sources */ = {isa = PBXBuildFile; fileRef = 10982AE51D36266400FB8865 /* RandomUserTests.swift */; };
		10982AF11D36266400FB8865 /* RandomUserUITests.swift in Sources */ = {isa = PBXBuildFile; fileRef = 10982AF01D36266400FB8865 /* RandomUserUITests.swift */; };
		F76E75F1A02BADF3E85BFB4D /* Pods_RandomUser.framework in Frameworks */ = {isa = PBXBuildFile; fileRef = 775CC882C20130E9CCA7FFEE /* Pods_RandomUser.framework */; };
/* End PBXBuildFile section */

/* Begin PBXContainerItemProxy section */
		10982AE21D36266400FB8865 /* PBXContainerItemProxy */ = {
			isa = PBXContainerItemProxy;
			containerPortal = 10982AC51D36266400FB8865 /* Project object */;
			proxyType = 1;
			remoteGlobalIDString = 10982ACC1D36266400FB8865;
			remoteInfo = RandomUser;
		};
		10982AED1D36266400FB8865 /* PBXContainerItemProxy */ = {
			isa = PBXContainerItemProxy;
			containerPortal = 10982AC51D36266400FB8865 /* Project object */;
			proxyType = 1;
			remoteGlobalIDString = 10982ACC1D36266400FB8865;
			remoteInfo = RandomUser;
		};
/* End PBXContainerItemProxy section */

/* Begin PBXFileReference section */
		10003ADE1D3A4A9500BCA1C1 /* UserGender.swift */ = {isa = PBXFileReference; fileEncoding = 4; lastKnownFileType = sourcecode.swift; path = UserGender.swift; sourceTree = "<group>"; };
		1012326E1D382A730019F6F1 /* RestApiManager.swift */ = {isa = PBXFileReference; fileEncoding = 4; lastKnownFileType = sourcecode.swift; path = RestApiManager.swift; sourceTree = "<group>"; };
		101232711D3831400019F6F1 /* UserObject.swift */ = {isa = PBXFileReference; fileEncoding = 4; lastKnownFileType = sourcecode.swift; path = UserObject.swift; sourceTree = "<group>"; };
		104C96511D37848200098156 /* Podfile */ = {isa = PBXFileReference; fileEncoding = 4; lastKnownFileType = text; path = Podfile; sourceTree = "<group>"; };
		10982ACD1D36266400FB8865 /* RandomUser.app */ = {isa = PBXFileReference; explicitFileType = wrapper.application; includeInIndex = 0; path = RandomUser.app; sourceTree = BUILT_PRODUCTS_DIR; };
		10982AD01D36266400FB8865 /* AppDelegate.swift */ = {isa = PBXFileReference; lastKnownFileType = sourcecode.swift; path = AppDelegate.swift; sourceTree = "<group>"; };
		10982AD21D36266400FB8865 /* ViewController.swift */ = {isa = PBXFileReference; lastKnownFileType = sourcecode.swift; path = ViewController.swift; sourceTree = "<group>"; };
		10982AD51D36266400FB8865 /* Base */ = {isa = PBXFileReference; lastKnownFileType = file.storyboard; name = Base; path = Base.lproj/Main.storyboard; sourceTree = "<group>"; };
		10982AD71D36266400FB8865 /* Assets.xcassets */ = {isa = PBXFileReference; lastKnownFileType = folder.assetcatalog; path = Assets.xcassets; sourceTree = "<group>"; };
		10982ADA1D36266400FB8865 /* Base */ = {isa = PBXFileReference; lastKnownFileType = file.storyboard; name = Base; path = Base.lproj/LaunchScreen.storyboard; sourceTree = "<group>"; };
		10982ADC1D36266400FB8865 /* Info.plist */ = {isa = PBXFileReference; lastKnownFileType = text.plist.xml; path = Info.plist; sourceTree = "<group>"; };
		10982AE11D36266400FB8865 /* RandomUserTests.xctest */ = {isa = PBXFileReference; explicitFileType = wrapper.cfbundle; includeInIndex = 0; path = RandomUserTests.xctest; sourceTree = BUILT_PRODUCTS_DIR; };
		10982AE51D36266400FB8865 /* RandomUserTests.swift */ = {isa = PBXFileReference; lastKnownFileType = sourcecode.swift; path = RandomUserTests.swift; sourceTree = "<group>"; };
		10982AE71D36266400FB8865 /* Info.plist */ = {isa = PBXFileReference; lastKnownFileType = text.plist.xml; path = Info.plist; sourceTree = "<group>"; };
		10982AEC1D36266400FB8865 /* RandomUserUITests.xctest */ = {isa = PBXFileReference; explicitFileType = wrapper.cfbundle; includeInIndex = 0; path = RandomUserUITests.xctest; sourceTree = BUILT_PRODUCTS_DIR; };
		10982AF01D36266400FB8865 /* RandomUserUITests.swift */ = {isa = PBXFileReference; lastKnownFileType = sourcecode.swift; path = RandomUserUITests.swift; sourceTree = "<group>"; };
		10982AF21D36266400FB8865 /* Info.plist */ = {isa = PBXFileReference; lastKnownFileType = text.plist.xml; path = Info.plist; sourceTree = "<group>"; };
		775CC882C20130E9CCA7FFEE /* Pods_RandomUser.framework */ = {isa = PBXFileReference; explicitFileType = wrapper.framework; includeInIndex = 0; path = Pods_RandomUser.framework; sourceTree = BUILT_PRODUCTS_DIR; };
		83891ED2F76DEA7CAE5DD502 /* Pods-RandomUser.release.xcconfig */ = {isa = PBXFileReference; includeInIndex = 1; lastKnownFileType = text.xcconfig; name = "Pods-RandomUser.release.xcconfig"; path = "Pods/Target Support Files/Pods-RandomUser/Pods-RandomUser.release.xcconfig"; sourceTree = "<group>"; };
		D96FDD270FBA264F5EC247E7 /* Pods-RandomUser.debug.xcconfig */ = {isa = PBXFileReference; includeInIndex = 1; lastKnownFileType = text.xcconfig; name = "Pods-RandomUser.debug.xcconfig"; path = "Pods/Target Support Files/Pods-RandomUser/Pods-RandomUser.debug.xcconfig"; sourceTree = "<group>"; };
/* End PBXFileReference section */

/* Begin PBXFrameworksBuildPhase section */
		10982ACA1D36266400FB8865 /* Frameworks */ = {
			isa = PBXFrameworksBuildPhase;
			buildActionMask = 2147483647;
			files = (
				F76E75F1A02BADF3E85BFB4D /* Pods_RandomUser.framework in Frameworks */,
			);
			runOnlyForDeploymentPostprocessing = 0;
		};
		10982ADE1D36266400FB8865 /* Frameworks */ = {
			isa = PBXFrameworksBuildPhase;
			buildActionMask = 2147483647;
			files = (
			);
			runOnlyForDeploymentPostprocessing = 0;
		};
		10982AE91D36266400FB8865 /* Frameworks */ = {
			isa = PBXFrameworksBuildPhase;
			buildActionMask = 2147483647;
			files = (
			);
			runOnlyForDeploymentPostprocessing = 0;
		};
/* End PBXFrameworksBuildPhase section */

/* Begin PBXGroup section */
		101232701D3830EB0019F6F1 /* Model */ = {
			isa = PBXGroup;
			children = (
				101232711D3831400019F6F1 /* UserObject.swift */,
				10003ADE1D3A4A9500BCA1C1 /* UserGender.swift */,
			);
			name = Model;
			sourceTree = "<group>";
		};
		10982AC41D36266400FB8865 = {
			isa = PBXGroup;
			children = (
				104C96511D37848200098156 /* Podfile */,
				10982ACF1D36266400FB8865 /* RandomUser */,
				10982AE41D36266400FB8865 /* RandomUserTests */,
				10982AEF1D36266400FB8865 /* RandomUserUITests */,
				10982ACE1D36266400FB8865 /* Products */,
				F0345F28FB9891990628D58B /* Pods */,
				F579E104D39FBBBA956BEBB2 /* Frameworks */,
			);
			sourceTree = "<group>";
		};
		10982ACE1D36266400FB8865 /* Products */ = {
			isa = PBXGroup;
			children = (
				10982ACD1D36266400FB8865 /* RandomUser.app */,
				10982AE11D36266400FB8865 /* RandomUserTests.xctest */,
				10982AEC1D36266400FB8865 /* RandomUserUITests.xctest */,
			);
			name = Products;
			sourceTree = "<group>";
		};
		10982ACF1D36266400FB8865 /* RandomUser */ = {
			isa = PBXGroup;
			children = (
				101232701D3830EB0019F6F1 /* Model */,
				10982AD01D36266400FB8865 /* AppDelegate.swift */,
				10982AD21D36266400FB8865 /* ViewController.swift */,
				10982AD41D36266400FB8865 /* Main.storyboard */,
				10982AD71D36266400FB8865 /* Assets.xcassets */,
				10982AD91D36266400FB8865 /* LaunchScreen.storyboard */,
				10982ADC1D36266400FB8865 /* Info.plist */,
				1012326E1D382A730019F6F1 /* RestApiManager.swift */,
			);
			path = RandomUser;
			sourceTree = "<group>";
		};
		10982AE41D36266400FB8865 /* RandomUserTests */ = {
			isa = PBXGroup;
			children = (
				10982AE51D36266400FB8865 /* RandomUserTests.swift */,
				10982AE71D36266400FB8865 /* Info.plist */,
			);
			path = RandomUserTests;
			sourceTree = "<group>";
		};
		10982AEF1D36266400FB8865 /* RandomUserUITests */ = {
			isa = PBXGroup;
			children = (
				10982AF01D36266400FB8865 /* RandomUserUITests.swift */,
				10982AF21D36266400FB8865 /* Info.plist */,
			);
			path = RandomUserUITests;
			sourceTree = "<group>";
		};
		F0345F28FB9891990628D58B /* Pods */ = {
			isa = PBXGroup;
			children = (
				D96FDD270FBA264F5EC247E7 /* Pods-RandomUser.debug.xcconfig */,
				83891ED2F76DEA7CAE5DD502 /* Pods-RandomUser.release.xcconfig */,
			);
			name = Pods;
			sourceTree = "<group>";
		};
		F579E104D39FBBBA956BEBB2 /* Frameworks */ = {
			isa = PBXGroup;
			children = (
				775CC882C20130E9CCA7FFEE /* Pods_RandomUser.framework */,
			);
			name = Frameworks;
			sourceTree = "<group>";
		};
/* End PBXGroup section */

/* Begin PBXNativeTarget section */
		10982ACC1D36266400FB8865 /* RandomUser */ = {
			isa = PBXNativeTarget;
			buildConfigurationList = 10982AF51D36266400FB8865 /* Build configuration list for PBXNativeTarget "RandomUser" */;
			buildPhases = (
				F00605FF1D20209DDE0A0DA1 /* [CP] Check Pods Manifest.lock */,
				10982AC91D36266400FB8865 /* Sources */,
				10982ACA1D36266400FB8865 /* Frameworks */,
				10982ACB1D36266400FB8865 /* Resources */,
				8255CD6A06089B23A47A942B /* [CP] Embed Pods Frameworks */,
				441C315B280FF8F21FB16049 /* [CP] Copy Pods Resources */,
			);
			buildRules = (
			);
			dependencies = (
			);
			name = RandomUser;
			productName = RandomUser;
			productReference = 10982ACD1D36266400FB8865 /* RandomUser.app */;
			productType = "com.apple.product-type.application";
		};
		10982AE01D36266400FB8865 /* RandomUserTests */ = {
			isa = PBXNativeTarget;
			buildConfigurationList = 10982AF81D36266400FB8865 /* Build configuration list for PBXNativeTarget "RandomUserTests" */;
			buildPhases = (
				10982ADD1D36266400FB8865 /* Sources */,
				10982ADE1D36266400FB8865 /* Frameworks */,
				10982ADF1D36266400FB8865 /* Resources */,
			);
			buildRules = (
			);
			dependencies = (
				10982AE31D36266400FB8865 /* PBXTargetDependency */,
			);
			name = RandomUserTests;
			productName = RandomUserTests;
			productReference = 10982AE11D36266400FB8865 /* RandomUserTests.xctest */;
			productType = "com.apple.product-type.bundle.unit-test";
		};
		10982AEB1D36266400FB8865 /* RandomUserUITests */ = {
			isa = PBXNativeTarget;
			buildConfigurationList = 10982AFB1D36266400FB8865 /* Build configuration list for PBXNativeTarget "RandomUserUITests" */;
			buildPhases = (
				10982AE81D36266400FB8865 /* Sources */,
				10982AE91D36266400FB8865 /* Frameworks */,
				10982AEA1D36266400FB8865 /* Resources */,
			);
			buildRules = (
			);
			dependencies = (
				10982AEE1D36266400FB8865 /* PBXTargetDependency */,
			);
			name = RandomUserUITests;
			productName = RandomUserUITests;
			productReference = 10982AEC1D36266400FB8865 /* RandomUserUITests.xctest */;
			productType = "com.apple.product-type.bundle.ui-testing";
		};
/* End PBXNativeTarget section */

/* Begin PBXProject section */
		10982AC51D36266400FB8865 /* Project object */ = {
			isa = PBXProject;
			attributes = {
				LastSwiftUpdateCheck = 0730;
				LastUpgradeCheck = 0730;
				ORGANIZATIONNAME = lyzkov;
				TargetAttributes = {
					10982ACC1D36266400FB8865 = {
						CreatedOnToolsVersion = 7.3;
					};
					10982AE01D36266400FB8865 = {
						CreatedOnToolsVersion = 7.3;
						TestTargetID = 10982ACC1D36266400FB8865;
					};
					10982AEB1D36266400FB8865 = {
						CreatedOnToolsVersion = 7.3;
						TestTargetID = 10982ACC1D36266400FB8865;
					};
				};
			};
			buildConfigurationList = 10982AC81D36266400FB8865 /* Build configuration list for PBXProject "RandomUser" */;
			compatibilityVersion = "Xcode 3.2";
			developmentRegion = English;
			hasScannedForEncodings = 0;
			knownRegions = (
				en,
				Base,
			);
			mainGroup = 10982AC41D36266400FB8865;
			productRefGroup = 10982ACE1D36266400FB8865 /* Products */;
			projectDirPath = "";
			projectRoot = "";
			targets = (
				10982ACC1D36266400FB8865 /* RandomUser */,
				10982AE01D36266400FB8865 /* RandomUserTests */,
				10982AEB1D36266400FB8865 /* RandomUserUITests */,
			);
		};
/* End PBXProject section */

/* Begin PBXResourcesBuildPhase section */
		10982ACB1D36266400FB8865 /* Resources */ = {
			isa = PBXResourcesBuildPhase;
			buildActionMask = 2147483647;
			files = (
				10982ADB1D36266400FB8865 /* LaunchScreen.storyboard in Resources */,
				10982AD81D36266400FB8865 /* Assets.xcassets in Resources */,
				104C96521D37848200098156 /* Podfile in Resources */,
				10982AD61D36266400FB8865 /* Main.storyboard in Resources */,
			);
			runOnlyForDeploymentPostprocessing = 0;
		};
		10982ADF1D36266400FB8865 /* Resources */ = {
			isa = PBXResourcesBuildPhase;
			buildActionMask = 2147483647;
			files = (
			);
			runOnlyForDeploymentPostprocessing = 0;
		};
		10982AEA1D36266400FB8865 /* Resources */ = {
			isa = PBXResourcesBuildPhase;
			buildActionMask = 2147483647;
			files = (
			);
			runOnlyForDeploymentPostprocessing = 0;
		};
/* End PBXResourcesBuildPhase section */

/* Begin PBXShellScriptBuildPhase section */
		441C315B280FF8F21FB16049 /* [CP] Copy Pods Resources */ = {
			isa = PBXShellScriptBuildPhase;
			buildActionMask = 2147483647;
			files = (
			);
			inputPaths = (
			);
			name = "[CP] Copy Pods Resources";
			outputPaths = (
			);
			runOnlyForDeploymentPostprocessing = 0;
			shellPath = /bin/sh;
			shellScript = "\"${SRCROOT}/Pods/Target Support Files/Pods-RandomUser/Pods-RandomUser-resources.sh\"\n";
			showEnvVarsInLog = 0;
		};
		8255CD6A06089B23A47A942B /* [CP] Embed Pods Frameworks */ = {
			isa = PBXShellScriptBuildPhase;
			buildActionMask = 2147483647;
			files = (
			);
			inputPaths = (
			);
			name = "[CP] Embed Pods Frameworks";
			outputPaths = (
			);
			runOnlyForDeploymentPostprocessing = 0;
			shellPath = /bin/sh;
			shellScript = "\"${SRCROOT}/Pods/Target Support Files/Pods-RandomUser/Pods-RandomUser-frameworks.sh\"\n";
			showEnvVarsInLog = 0;
		};
		F00605FF1D20209DDE0A0DA1 /* [CP] Check Pods Manifest.lock */ = {
			isa = PBXShellScriptBuildPhase;
			buildActionMask = 2147483647;
			files = (
			);
			inputPaths = (
			);
			name = "[CP] Check Pods Manifest.lock";
			outputPaths = (
			);
			runOnlyForDeploymentPostprocessing = 0;
			shellPath = /bin/sh;
			shellScript = "diff \"${PODS_ROOT}/../Podfile.lock\" \"${PODS_ROOT}/Manifest.lock\" > /dev/null\nif [[ $? != 0 ]] ; then\n    cat << EOM\nerror: The sandbox is not in sync with the Podfile.lock. Run 'pod install' or update your CocoaPods installation.\nEOM\n    exit 1\nfi\n";
			showEnvVarsInLog = 0;
		};
/* End PBXShellScriptBuildPhase section */

/* Begin PBXSourcesBuildPhase section */
		10982AC91D36266400FB8865 /* Sources */ = {
			isa = PBXSourcesBuildPhase;
			buildActionMask = 2147483647;
			files = (
				10982AD31D36266400FB8865 /* ViewController.swift in Sources */,
				101232721D3831400019F6F1 /* UserObject.swift in Sources */,
				10982AD11D36266400FB8865 /* AppDelegate.swift in Sources */,
				1012326F1D382A730019F6F1 /* RestApiManager.swift in Sources */,
				10003ADF1D3A4A9500BCA1C1 /* UserGender.swift in Sources */,
			);
			runOnlyForDeploymentPostprocessing = 0;
		};
		10982ADD1D36266400FB8865 /* Sources */ = {
			isa = PBXSourcesBuildPhase;
			buildActionMask = 2147483647;
			files = (
				10982AE61D36266400FB8865 /* RandomUserTests.swift in Sources */,
			);
			runOnlyForDeploymentPostprocessing = 0;
		};
		10982AE81D36266400FB8865 /* Sources */ = {
			isa = PBXSourcesBuildPhase;
			buildActionMask = 2147483647;
			files = (
				10982AF11D36266400FB8865 /* RandomUserUITests.swift in Sources */,
			);
			runOnlyForDeploymentPostprocessing = 0;
		};
/* End PBXSourcesBuildPhase section */

/* Begin PBXTargetDependency section */
		10982AE31D36266400FB8865 /* PBXTargetDependency */ = {
			isa = PBXTargetDependency;
			target = 10982ACC1D36266400FB8865 /* RandomUser */;
			targetProxy = 10982AE21D36266400FB8865 /* PBXContainerItemProxy */;
		};
		10982AEE1D36266400FB8865 /* PBXTargetDependency */ = {
			isa = PBXTargetDependency;
			target = 10982ACC1D36266400FB8865 /* RandomUser */;
			targetProxy = 10982AED1D36266400FB8865 /* PBXContainerItemProxy */;
		};
/* End PBXTargetDependency section */

/* Begin PBXVariantGroup section */
		10982AD41D36266400FB8865 /* Main.storyboard */ = {
			isa = PBXVariantGroup;
			children = (
				10982AD51D36266400FB8865 /* Base */,
			);
			name = Main.storyboard;
			sourceTree = "<group>";
		};
		10982AD91D36266400FB8865 /* LaunchScreen.storyboard */ = {
			isa = PBXVariantGroup;
			children = (
				10982ADA1D36266400FB8865 /* Base */,
			);
			name = LaunchScreen.storyboard;
			sourceTree = "<group>";
		};
/* End PBXVariantGroup section */

/* Begin XCBuildConfiguration section */
		10982AF31D36266400FB8865 /* Debug */ = {
			isa = XCBuildConfiguration;
			buildSettings = {
				ALWAYS_SEARCH_USER_PATHS = NO;
				CLANG_ANALYZER_NONNULL = YES;
				CLANG_CXX_LANGUAGE_STANDARD = "gnu++0x";
				CLANG_CXX_LIBRARY = "libc++";
				CLANG_ENABLE_MODULES = YES;
				CLANG_ENABLE_OBJC_ARC = YES;
				CLANG_WARN_BOOL_CONVERSION = YES;
				CLANG_WARN_CONSTANT_CONVERSION = YES;
				CLANG_WARN_DIRECT_OBJC_ISA_USAGE = YES_ERROR;
				CLANG_WARN_EMPTY_BODY = YES;
				CLANG_WARN_ENUM_CONVERSION = YES;
				CLANG_WARN_INT_CONVERSION = YES;
				CLANG_WARN_OBJC_ROOT_CLASS = YES_ERROR;
				CLANG_WARN_UNREACHABLE_CODE = YES;
				CLANG_WARN__DUPLICATE_METHOD_MATCH = YES;
				"CODE_SIGN_IDENTITY[sdk=iphoneos*]" = "iPhone Developer";
				COPY_PHASE_STRIP = NO;
				DEBUG_INFORMATION_FORMAT = dwarf;
				ENABLE_STRICT_OBJC_MSGSEND = YES;
				ENABLE_TESTABILITY = YES;
				GCC_C_LANGUAGE_STANDARD = gnu99;
				GCC_DYNAMIC_NO_PIC = NO;
				GCC_NO_COMMON_BLOCKS = YES;
				GCC_OPTIMIZATION_LEVEL = 0;
				GCC_PREPROCESSOR_DEFINITIONS = (
					"DEBUG=1",
					"$(inherited)",
				);
				GCC_WARN_64_TO_32_BIT_CONVERSION = YES;
				GCC_WARN_ABOUT_RETURN_TYPE = YES_ERROR;
				GCC_WARN_UNDECLARED_SELECTOR = YES;
				GCC_WARN_UNINITIALIZED_AUTOS = YES_AGGRESSIVE;
				GCC_WARN_UNUSED_FUNCTION = YES;
				GCC_WARN_UNUSED_VARIABLE = YES;
				IPHONEOS_DEPLOYMENT_TARGET = 9.3;
				MTL_ENABLE_DEBUG_INFO = YES;
				ONLY_ACTIVE_ARCH = YES;
				SDKROOT = iphoneos;
				SWIFT_OPTIMIZATION_LEVEL = "-Onone";
				TARGETED_DEVICE_FAMILY = "1,2";
			};
			name = Debug;
		};
		10982AF41D36266400FB8865 /* Release */ = {
			isa = XCBuildConfiguration;
			buildSettings = {
				ALWAYS_SEARCH_USER_PATHS = NO;
				CLANG_ANALYZER_NONNULL = YES;
				CLANG_CXX_LANGUAGE_STANDARD = "gnu++0x";
				CLANG_CXX_LIBRARY = "libc++";
				CLANG_ENABLE_MODULES = YES;
				CLANG_ENABLE_OBJC_ARC = YES;
				CLANG_WARN_BOOL_CONVERSION = YES;
				CLANG_WARN_CONSTANT_CONVERSION = YES;
				CLANG_WARN_DIRECT_OBJC_ISA_USAGE = YES_ERROR;
				CLANG_WARN_EMPTY_BODY = YES;
				CLANG_WARN_ENUM_CONVERSION = YES;
				CLANG_WARN_INT_CONVERSION = YES;
				CLANG_WARN_OBJC_ROOT_CLASS = YES_ERROR;
				CLANG_WARN_UNREACHABLE_CODE = YES;
				CLANG_WARN__DUPLICATE_METHOD_MATCH = YES;
				"CODE_SIGN_IDENTITY[sdk=iphoneos*]" = "iPhone Developer";
				COPY_PHASE_STRIP = NO;
				DEBUG_INFORMATION_FORMAT = "dwarf-with-dsym";
				ENABLE_NS_ASSERTIONS = NO;
				ENABLE_STRICT_OBJC_MSGSEND = YES;
				GCC_C_LANGUAGE_STANDARD = gnu99;
				GCC_NO_COMMON_BLOCKS = YES;
				GCC_WARN_64_TO_32_BIT_CONVERSION = YES;
				GCC_WARN_ABOUT_RETURN_TYPE = YES_ERROR;
				GCC_WARN_UNDECLARED_SELECTOR = YES;
				GCC_WARN_UNINITIALIZED_AUTOS = YES_AGGRESSIVE;
				GCC_WARN_UNUSED_FUNCTION = YES;
				GCC_WARN_UNUSED_VARIABLE = YES;
				IPHONEOS_DEPLOYMENT_TARGET = 9.3;
				MTL_ENABLE_DEBUG_INFO = NO;
				SDKROOT = iphoneos;
				TARGETED_DEVICE_FAMILY = "1,2";
				VALIDATE_PRODUCT = YES;
			};
			name = Release;
		};
		10982AF61D36266400FB8865 /* Debug */ = {
			isa = XCBuildConfiguration;
			baseConfigurationReference = D96FDD270FBA264F5EC247E7 /* Pods-RandomUser.debug.xcconfig */;
			buildSettings = {
				ASSETCATALOG_COMPILER_APPICON_NAME = AppIcon;
				INFOPLIST_FILE = RandomUser/Info.plist;
				LD_RUNPATH_SEARCH_PATHS = "$(inherited) @executable_path/Frameworks";
				PRODUCT_BUNDLE_IDENTIFIER = pl.lyzkov.RandomUser;
				PRODUCT_NAME = "$(TARGET_NAME)";
			};
			name = Debug;
		};
		10982AF71D36266400FB8865 /* Release */ = {
			isa = XCBuildConfiguration;
			baseConfigurationReference = 83891ED2F76DEA7CAE5DD502 /* Pods-RandomUser.release.xcconfig */;
			buildSettings = {
				ASSETCATALOG_COMPILER_APPICON_NAME = AppIcon;
				INFOPLIST_FILE = RandomUser/Info.plist;
				LD_RUNPATH_SEARCH_PATHS = "$(inherited) @executable_path/Frameworks";
				PRODUCT_BUNDLE_IDENTIFIER = pl.lyzkov.RandomUser;
				PRODUCT_NAME = "$(TARGET_NAME)";
			};
			name = Release;
		};
		10982AF91D36266400FB8865 /* Debug */ = {
			isa = XCBuildConfiguration;
			buildSettings = {
				BUNDLE_LOADER = "$(TEST_HOST)";
				INFOPLIST_FILE = RandomUserTests/Info.plist;
				LD_RUNPATH_SEARCH_PATHS = "$(inherited) @executable_path/Frameworks @loader_path/Frameworks";
				PRODUCT_BUNDLE_IDENTIFIER = pl.lyzkov.RandomUserTests;
				PRODUCT_NAME = "$(TARGET_NAME)";
				TEST_HOST = "$(BUILT_PRODUCTS_DIR)/RandomUser.app/RandomUser";
			};
			name = Debug;
		};
		10982AFA1D36266400FB8865 /* Release */ = {
			isa = XCBuildConfiguration;
			buildSettings = {
				BUNDLE_LOADER = "$(TEST_HOST)";
				INFOPLIST_FILE = RandomUserTests/Info.plist;
				LD_RUNPATH_SEARCH_PATHS = "$(inherited) @executable_path/Frameworks @loader_path/Frameworks";
				PRODUCT_BUNDLE_IDENTIFIER = pl.lyzkov.RandomUserTests;
				PRODUCT_NAME = "$(TARGET_NAME)";
				TEST_HOST = "$(BUILT_PRODUCTS_DIR)/RandomUser.app/RandomUser";
			};
			name = Release;
		};
		10982AFC1D36266400FB8865 /* Debug */ = {
			isa = XCBuildConfiguration;
			buildSettings = {
				INFOPLIST_FILE = RandomUserUITests/Info.plist;
				LD_RUNPATH_SEARCH_PATHS = "$(inherited) @executable_path/Frameworks @loader_path/Frameworks";
				PRODUCT_BUNDLE_IDENTIFIER = pl.lyzkov.RandomUserUITests;
				PRODUCT_NAME = "$(TARGET_NAME)";
				TEST_TARGET_NAME = RandomUser;
			};
			name = Debug;
		};
		10982AFD1D36266400FB8865 /* Release */ = {
			isa = XCBuildConfiguration;
			buildSettings = {
				INFOPLIST_FILE = RandomUserUITests/Info.plist;
				LD_RUNPATH_SEARCH_PATHS = "$(inherited) @executable_path/Frameworks @loader_path/Frameworks";
				PRODUCT_BUNDLE_IDENTIFIER = pl.lyzkov.RandomUserUITests;
				PRODUCT_NAME = "$(TARGET_NAME)";
				TEST_TARGET_NAME = RandomUser;
			};
			name = Release;
		};
/* End XCBuildConfiguration section */

/* Begin XCConfigurationList section */
		10982AC81D36266400FB8865 /* Build configuration list for PBXProject "RandomUser" */ = {
			isa = XCConfigurationList;
			buildConfigurations = (
				10982AF31D36266400FB8865 /* Debug */,
				10982AF41D36266400FB8865 /* Release */,
			);
			defaultConfigurationIsVisible = 0;
			defaultConfigurationName = Release;
		};
		10982AF51D36266400FB8865 /* Build configuration list for PBXNativeTarget "RandomUser" */ = {
			isa = XCConfigurationList;
			buildConfigurations = (
				10982AF61D36266400FB8865 /* Debug */,
				10982AF71D36266400FB8865 /* Release */,
			);
			defaultConfigurationIsVisible = 0;
			defaultConfigurationName = Release;
		};
		10982AF81D36266400FB8865 /* Build configuration list for PBXNativeTarget "RandomUserTests" */ = {
			isa = XCConfigurationList;
			buildConfigurations = (
				10982AF91D36266400FB8865 /* Debug */,
				10982AFA1D36266400FB8865 /* Release */,
			);
			defaultConfigurationIsVisible = 0;
			defaultConfigurationName = Release;
		};
		10982AFB1D36266400FB8865 /* Build configuration list for PBXNativeTarget "RandomUserUITests" */ = {
			isa = XCConfigurationList;
			buildConfigurations = (
				10982AFC1D36266400FB8865 /* Debug */,
				10982AFD1D36266400FB8865 /* Release */,
			);
			defaultConfigurationIsVisible = 0;
			defaultConfigurationName = Release;
		};
/* End XCConfigurationList section */
	};
	rootObject = 10982AC51D36266400FB8865 /* Project object */;
}
